// !$*UTF8*$!
{
	archiveVersion = 1;
	classes = {
	};
	objectVersion = 46;
	objects = {

/* Begin PBXBuildFile section */
		B0C979351E0C798500EECDD4 /* CleanMenuBar.m in Sources */ = {isa = PBXBuildFile; fileRef = B0C979341E0C798500EECDD4 /* CleanMenuBar.m */; };
		FB12E8641E75382B00BF144E /* AppDelegate.m in Sources */ = {isa = PBXBuildFile; fileRef = FB12E8631E75382B00BF144E /* AppDelegate.m */; };
		FB12E8671E75382B00BF144E /* main.m in Sources */ = {isa = PBXBuildFile; fileRef = FB12E8661E75382B00BF144E /* main.m */; };
		FB12E8721E753A0500BF144E /* icon.png in Resources */ = {isa = PBXBuildFile; fileRef = FB12E8711E753A0500BF144E /* icon.png */; };
		FB397E911E88BB2F00E9F3A6 /* icon3.png in Resources */ = {isa = PBXBuildFile; fileRef = FB397E901E88BB2F00E9F3A6 /* icon3.png */; };
		FB397E951E88BE7300E9F3A6 /* icon4.png in Resources */ = {isa = PBXBuildFile; fileRef = FB397E941E88BE7300E9F3A6 /* icon4.png */; };
		FB397E971E88BF5800E9F3A6 /* icon2.png in Resources */ = {isa = PBXBuildFile; fileRef = FB397E961E88BF5800E9F3A6 /* icon2.png */; };
		FB397E9A1E88C09100E9F3A6 /* icon1.png in Resources */ = {isa = PBXBuildFile; fileRef = FB397E981E88C09100E9F3A6 /* icon1.png */; };
		FB397E9B1E88C09100E9F3A6 /* icon6.png in Resources */ = {isa = PBXBuildFile; fileRef = FB397E991E88C09100E9F3A6 /* icon6.png */; };
		FB397E9E1E89A4A300E9F3A6 /* ZKSwizzle.m in Sources */ = {isa = PBXBuildFile; fileRef = FB397E9D1E89A4A300E9F3A6 /* ZKSwizzle.m */; settings = {COMPILER_FLAGS = "-fno-objc-arc"; }; };
		FBB043111E89F99800FF8A31 /* PFAboutWindow.xib in Resources */ = {isa = PBXBuildFile; fileRef = FBB0430F1E89F99800FF8A31 /* PFAboutWindow.xib */; };
		FBB043121E89F99800FF8A31 /* PFAboutWindowController.m in Sources */ = {isa = PBXBuildFile; fileRef = FBB043101E89F99800FF8A31 /* PFAboutWindowController.m */; };
/* End PBXBuildFile section */

/* Begin PBXFileReference section */
		B0C9792A1E0C796800EECDD4 /* cleanMenuBar.bundle */ = {isa = PBXFileReference; explicitFileType = wrapper.cfbundle; includeInIndex = 0; path = cleanMenuBar.bundle; sourceTree = BUILT_PRODUCTS_DIR; };
		B0C9792D1E0C796800EECDD4 /* Info.plist */ = {isa = PBXFileReference; lastKnownFileType = text.plist.xml; path = Info.plist; sourceTree = "<group>"; };
		B0C979341E0C798500EECDD4 /* CleanMenuBar.m */ = {isa = PBXFileReference; fileEncoding = 4; lastKnownFileType = sourcecode.c.objc; path = CleanMenuBar.m; sourceTree = "<group>"; };
		FB12E8601E75382A00BF144E /* cleanMenu.app */ = {isa = PBXFileReference; explicitFileType = wrapper.application; includeInIndex = 0; path = cleanMenu.app; sourceTree = BUILT_PRODUCTS_DIR; };
		FB12E8621E75382B00BF144E /* AppDelegate.h */ = {isa = PBXFileReference; lastKnownFileType = sourcecode.c.h; path = AppDelegate.h; sourceTree = "<group>"; };
		FB12E8631E75382B00BF144E /* AppDelegate.m */ = {isa = PBXFileReference; lastKnownFileType = sourcecode.c.objc; path = AppDelegate.m; sourceTree = "<group>"; };
		FB12E8661E75382B00BF144E /* main.m */ = {isa = PBXFileReference; lastKnownFileType = sourcecode.c.objc; path = main.m; sourceTree = "<group>"; };
		FB12E86D1E75382B00BF144E /* Info.plist */ = {isa = PBXFileReference; lastKnownFileType = text.plist.xml; path = Info.plist; sourceTree = "<group>"; };
		FB12E8711E753A0500BF144E /* icon.png */ = {isa = PBXFileReference; lastKnownFileType = image.png; path = icon.png; sourceTree = "<group>"; };
		FB397E901E88BB2F00E9F3A6 /* icon3.png */ = {isa = PBXFileReference; lastKnownFileType = image.png; path = icon3.png; sourceTree = "<group>"; };
		FB397E941E88BE7300E9F3A6 /* icon4.png */ = {isa = PBXFileReference; lastKnownFileType = image.png; path = icon4.png; sourceTree = "<group>"; };
		FB397E961E88BF5800E9F3A6 /* icon2.png */ = {isa = PBXFileReference; lastKnownFileType = image.png; path = icon2.png; sourceTree = "<group>"; };
		FB397E981E88C09100E9F3A6 /* icon1.png */ = {isa = PBXFileReference; lastKnownFileType = image.png; path = icon1.png; sourceTree = "<group>"; };
		FB397E991E88C09100E9F3A6 /* icon6.png */ = {isa = PBXFileReference; lastKnownFileType = image.png; path = icon6.png; sourceTree = "<group>"; };
		FB397E9C1E89A4A300E9F3A6 /* ZKSwizzle.h */ = {isa = PBXFileReference; fileEncoding = 4; lastKnownFileType = sourcecode.c.h; path = ZKSwizzle.h; sourceTree = "<group>"; };
		FB397E9D1E89A4A300E9F3A6 /* ZKSwizzle.m */ = {isa = PBXFileReference; fileEncoding = 4; lastKnownFileType = sourcecode.c.objc; path = ZKSwizzle.m; sourceTree = "<group>"; };
		FBB0430E1E89F99800FF8A31 /* PFAboutWindowController.h */ = {isa = PBXFileReference; fileEncoding = 4; lastKnownFileType = sourcecode.c.h; path = PFAboutWindowController.h; sourceTree = "<group>"; };
		FBB0430F1E89F99800FF8A31 /* PFAboutWindow.xib */ = {isa = PBXFileReference; fileEncoding = 4; lastKnownFileType = file.xib; path = PFAboutWindow.xib; sourceTree = "<group>"; };
		FBB043101E89F99800FF8A31 /* PFAboutWindowController.m */ = {isa = PBXFileReference; fileEncoding = 4; lastKnownFileType = sourcecode.c.objc; path = PFAboutWindowController.m; sourceTree = "<group>"; };
		FBF952DB1E885A9F001DC263 /* _StatusItemProxy.h */ = {isa = PBXFileReference; fileEncoding = 4; lastKnownFileType = sourcecode.c.h; path = _StatusItemProxy.h; sourceTree = "<group>"; };
		FBF952DC1E885A9F001DC263 /* NSStatusBar.h */ = {isa = PBXFileReference; fileEncoding = 4; lastKnownFileType = sourcecode.c.h; path = NSStatusBar.h; sourceTree = "<group>"; };
		FBF952DD1E885A9F001DC263 /* NSStatusBarButton.h */ = {isa = PBXFileReference; fileEncoding = 4; lastKnownFileType = sourcecode.c.h; path = NSStatusBarButton.h; sourceTree = "<group>"; };
		FBF952DE1E885A9F001DC263 /* NSStatusBarButtonCell.h */ = {isa = PBXFileReference; fileEncoding = 4; lastKnownFileType = sourcecode.c.h; path = NSStatusBarButtonCell.h; sourceTree = "<group>"; };
		FBF952DF1E885A9F001DC263 /* NSStatusBarWindow.h */ = {isa = PBXFileReference; fileEncoding = 4; lastKnownFileType = sourcecode.c.h; path = NSStatusBarWindow.h; sourceTree = "<group>"; };
		FBF952E01E885A9F001DC263 /* NSStatusItem.h */ = {isa = PBXFileReference; fileEncoding = 4; lastKnownFileType = sourcecode.c.h; path = NSStatusItem.h; sourceTree = "<group>"; };
		FBF952E11E885A9F001DC263 /* NSSystemStatusBar.h */ = {isa = PBXFileReference; fileEncoding = 4; lastKnownFileType = sourcecode.c.h; path = NSSystemStatusBar.h; sourceTree = "<group>"; };
/* End PBXFileReference section */

/* Begin PBXFrameworksBuildPhase section */
		B0C979271E0C796800EECDD4 /* Frameworks */ = {
			isa = PBXFrameworksBuildPhase;
			buildActionMask = 2147483647;
			files = (
			);
			runOnlyForDeploymentPostprocessing = 0;
		};
		FB12E85D1E75382A00BF144E /* Frameworks */ = {
			isa = PBXFrameworksBuildPhase;
			buildActionMask = 2147483647;
			files = (
			);
			runOnlyForDeploymentPostprocessing = 0;
		};
/* End PBXFrameworksBuildPhase section */

/* Begin PBXGroup section */
		B0C979211E0C796800EECDD4 = {
			isa = PBXGroup;
			children = (
				B0C9792C1E0C796800EECDD4 /* cleanMenu */,
				FB12E8611E75382A00BF144E /* cleanMenuApp */,
				B0C9792B1E0C796800EECDD4 /* Products */,
			);
			sourceTree = "<group>";
		};
		B0C9792B1E0C796800EECDD4 /* Products */ = {
			isa = PBXGroup;
			children = (
				B0C9792A1E0C796800EECDD4 /* cleanMenuBar.bundle */,
				FB12E8601E75382A00BF144E /* cleanMenu.app */,
			);
			name = Products;
			sourceTree = "<group>";
		};
		B0C9792C1E0C796800EECDD4 /* cleanMenu */ = {
			isa = PBXGroup;
			children = (
				FBF952E21E885AA8001DC263 /* Headers */,
				FB397E9F1E89A50800E9F3A6 /* ZKSwizzle */,
				B0C979341E0C798500EECDD4 /* CleanMenuBar.m */,
				B0C9792D1E0C796800EECDD4 /* Info.plist */,
			);
			name = cleanMenu;
			path = CleanMenuBar;
			sourceTree = "<group>";
		};
		FB12E8611E75382A00BF144E /* cleanMenuApp */ = {
			isa = PBXGroup;
			children = (
				FBB043131E89F9A300FF8A31 /* PFAboutWindow */,
				FB12E8651E75382B00BF144E /* Icons */,
				FB12E8621E75382B00BF144E /* AppDelegate.h */,
				FB12E8631E75382B00BF144E /* AppDelegate.m */,
				FB12E86D1E75382B00BF144E /* Info.plist */,
			);
			name = cleanMenuApp;
			path = cleanMenu;
			sourceTree = "<group>";
		};
		FB12E8651E75382B00BF144E /* Icons */ = {
			isa = PBXGroup;
			children = (
				FB397E961E88BF5800E9F3A6 /* icon2.png */,
				FB397E941E88BE7300E9F3A6 /* icon4.png */,
				FB397E901E88BB2F00E9F3A6 /* icon3.png */,
				FB12E8711E753A0500BF144E /* icon.png */,
				FB397E981E88C09100E9F3A6 /* icon1.png */,
				FB397E991E88C09100E9F3A6 /* icon6.png */,
				FB12E8661E75382B00BF144E /* main.m */,
			);
			name = Icons;
			sourceTree = "<group>";
		};
		FB397E9F1E89A50800E9F3A6 /* ZKSwizzle */ = {
			isa = PBXGroup;
			children = (
				FB397E9C1E89A4A300E9F3A6 /* ZKSwizzle.h */,
				FB397E9D1E89A4A300E9F3A6 /* ZKSwizzle.m */,
			);
			name = ZKSwizzle;
			sourceTree = "<group>";
		};
		FBB043131E89F9A300FF8A31 /* PFAboutWindow */ = {
			isa = PBXGroup;
			children = (
				FBB0430E1E89F99800FF8A31 /* PFAboutWindowController.h */,
				FBB0430F1E89F99800FF8A31 /* PFAboutWindow.xib */,
				FBB043101E89F99800FF8A31 /* PFAboutWindowController.m */,
			);
			name = PFAboutWindow;
			sourceTree = "<group>";
		};
		FBF952E21E885AA8001DC263 /* Headers */ = {
			isa = PBXGroup;
			children = (
				FBF952DB1E885A9F001DC263 /* _StatusItemProxy.h */,
				FBF952DC1E885A9F001DC263 /* NSStatusBar.h */,
				FBF952DD1E885A9F001DC263 /* NSStatusBarButton.h */,
				FBF952DE1E885A9F001DC263 /* NSStatusBarButtonCell.h */,
				FBF952DF1E885A9F001DC263 /* NSStatusBarWindow.h */,
				FBF952E01E885A9F001DC263 /* NSStatusItem.h */,
				FBF952E11E885A9F001DC263 /* NSSystemStatusBar.h */,
			);
			name = Headers;
			sourceTree = "<group>";
		};
/* End PBXGroup section */

/* Begin PBXNativeTarget section */
		B0C979291E0C796800EECDD4 /* cleanMenuBar */ = {
			isa = PBXNativeTarget;
			buildConfigurationList = B0C979301E0C796800EECDD4 /* Build configuration list for PBXNativeTarget "cleanMenuBar" */;
			buildPhases = (
				B0C979261E0C796800EECDD4 /* Sources */,
				B0C979271E0C796800EECDD4 /* Frameworks */,
				B0C979281E0C796800EECDD4 /* Resources */,
			);
			buildRules = (
			);
			dependencies = (
			);
			name = cleanMenuBar;
			productName = CleanMenuBar;
			productReference = B0C9792A1E0C796800EECDD4 /* cleanMenuBar.bundle */;
			productType = "com.apple.product-type.bundle";
		};
		FB12E85F1E75382A00BF144E /* cleanMenu */ = {
			isa = PBXNativeTarget;
			buildConfigurationList = FB12E8701E75382B00BF144E /* Build configuration list for PBXNativeTarget "cleanMenu" */;
			buildPhases = (
				FB12E85C1E75382A00BF144E /* Sources */,
				FB12E85D1E75382A00BF144E /* Frameworks */,
				FB12E85E1E75382A00BF144E /* Resources */,
			);
			buildRules = (
			);
			dependencies = (
			);
			name = cleanMenu;
			productName = cleanMenu;
			productReference = FB12E8601E75382A00BF144E /* cleanMenu.app */;
			productType = "com.apple.product-type.application";
		};
/* End PBXNativeTarget section */

/* Begin PBXProject section */
		B0C979221E0C796800EECDD4 /* Project object */ = {
			isa = PBXProject;
			attributes = {
				LastUpgradeCheck = 0820;
				ORGANIZATIONNAME = "Kevin M Beaulieu";
				TargetAttributes = {
					B0C979291E0C796800EECDD4 = {
						CreatedOnToolsVersion = 8.2.1;
						ProvisioningStyle = Automatic;
					};
					FB12E85F1E75382A00BF144E = {
						CreatedOnToolsVersion = 8.2.1;
						DevelopmentTeam = EX596BNL45;
						ProvisioningStyle = Manual;
					};
				};
			};
			buildConfigurationList = B0C979251E0C796800EECDD4 /* Build configuration list for PBXProject "CleanMenuBar" */;
			compatibilityVersion = "Xcode 3.2";
			developmentRegion = English;
			hasScannedForEncodings = 0;
			knownRegions = (
				en,
				Base,
			);
			mainGroup = B0C979211E0C796800EECDD4;
			productRefGroup = B0C9792B1E0C796800EECDD4 /* Products */;
			projectDirPath = "";
			projectRoot = "";
			targets = (
				B0C979291E0C796800EECDD4 /* cleanMenuBar */,
				FB12E85F1E75382A00BF144E /* cleanMenu */,
			);
		};
/* End PBXProject section */

/* Begin PBXResourcesBuildPhase section */
		B0C979281E0C796800EECDD4 /* Resources */ = {
			isa = PBXResourcesBuildPhase;
			buildActionMask = 2147483647;
			files = (
			);
			runOnlyForDeploymentPostprocessing = 0;
		};
		FB12E85E1E75382A00BF144E /* Resources */ = {
			isa = PBXResourcesBuildPhase;
			buildActionMask = 2147483647;
			files = (
				FB397E9B1E88C09100E9F3A6 /* icon6.png in Resources */,
				FB397E971E88BF5800E9F3A6 /* icon2.png in Resources */,
				FBB043111E89F99800FF8A31 /* PFAboutWindow.xib in Resources */,
				FB397E951E88BE7300E9F3A6 /* icon4.png in Resources */,
				FB12E8721E753A0500BF144E /* icon.png in Resources */,
				FB397E911E88BB2F00E9F3A6 /* icon3.png in Resources */,
				FB397E9A1E88C09100E9F3A6 /* icon1.png in Resources */,
			);
			runOnlyForDeploymentPostprocessing = 0;
		};
/* End PBXResourcesBuildPhase section */

/* Begin PBXSourcesBuildPhase section */
		B0C979261E0C796800EECDD4 /* Sources */ = {
			isa = PBXSourcesBuildPhase;
			buildActionMask = 2147483647;
			files = (
				B0C979351E0C798500EECDD4 /* CleanMenuBar.m in Sources */,
				FB397E9E1E89A4A300E9F3A6 /* ZKSwizzle.m in Sources */,
			);
			runOnlyForDeploymentPostprocessing = 0;
		};
		FB12E85C1E75382A00BF144E /* Sources */ = {
			isa = PBXSourcesBuildPhase;
			buildActionMask = 2147483647;
			files = (
				FB12E8671E75382B00BF144E /* main.m in Sources */,
				FB12E8641E75382B00BF144E /* AppDelegate.m in Sources */,
				FBB043121E89F99800FF8A31 /* PFAboutWindowController.m in Sources */,
			);
			runOnlyForDeploymentPostprocessing = 0;
		};
/* End PBXSourcesBuildPhase section */

/* Begin XCBuildConfiguration section */
		B0C9792E1E0C796800EECDD4 /* Debug */ = {
			isa = XCBuildConfiguration;
			buildSettings = {
				ALWAYS_SEARCH_USER_PATHS = NO;
				CLANG_ANALYZER_NONNULL = YES;
				CLANG_CXX_LANGUAGE_STANDARD = "gnu++0x";
				CLANG_CXX_LIBRARY = "libc++";
				CLANG_ENABLE_MODULES = YES;
				CLANG_ENABLE_OBJC_ARC = YES;
				CLANG_WARN_BOOL_CONVERSION = YES;
				CLANG_WARN_CONSTANT_CONVERSION = YES;
				CLANG_WARN_DIRECT_OBJC_ISA_USAGE = YES_ERROR;
				CLANG_WARN_DOCUMENTATION_COMMENTS = YES;
				CLANG_WARN_EMPTY_BODY = YES;
				CLANG_WARN_ENUM_CONVERSION = YES;
				CLANG_WARN_INFINITE_RECURSION = YES;
				CLANG_WARN_INT_CONVERSION = YES;
				CLANG_WARN_OBJC_ROOT_CLASS = YES_ERROR;
				CLANG_WARN_SUSPICIOUS_MOVE = YES;
				CLANG_WARN_UNREACHABLE_CODE = YES;
				CLANG_WARN__DUPLICATE_METHOD_MATCH = YES;
				CODE_SIGN_IDENTITY = "";
				COPY_PHASE_STRIP = NO;
				DEBUG_INFORMATION_FORMAT = dwarf;
				ENABLE_STRICT_OBJC_MSGSEND = YES;
				ENABLE_TESTABILITY = YES;
				GCC_C_LANGUAGE_STANDARD = gnu99;
				GCC_DYNAMIC_NO_PIC = NO;
				GCC_NO_COMMON_BLOCKS = YES;
				GCC_OPTIMIZATION_LEVEL = 0;
				GCC_PREPROCESSOR_DEFINITIONS = (
					"DEBUG=1",
					"$(inherited)",
				);
				GCC_WARN_64_TO_32_BIT_CONVERSION = YES;
				GCC_WARN_ABOUT_RETURN_TYPE = YES_ERROR;
				GCC_WARN_UNDECLARED_SELECTOR = YES;
				GCC_WARN_UNINITIALIZED_AUTOS = YES_AGGRESSIVE;
				GCC_WARN_UNUSED_FUNCTION = YES;
				GCC_WARN_UNUSED_VARIABLE = YES;
				MACOSX_DEPLOYMENT_TARGET = 10.12;
				MTL_ENABLE_DEBUG_INFO = YES;
				ONLY_ACTIVE_ARCH = YES;
				SDKROOT = macosx;
			};
			name = Debug;
		};
		B0C9792F1E0C796800EECDD4 /* Release */ = {
			isa = XCBuildConfiguration;
			buildSettings = {
				ALWAYS_SEARCH_USER_PATHS = NO;
				CLANG_ANALYZER_NONNULL = YES;
				CLANG_CXX_LANGUAGE_STANDARD = "gnu++0x";
				CLANG_CXX_LIBRARY = "libc++";
				CLANG_ENABLE_MODULES = YES;
				CLANG_ENABLE_OBJC_ARC = YES;
				CLANG_WARN_BOOL_CONVERSION = YES;
				CLANG_WARN_CONSTANT_CONVERSION = YES;
				CLANG_WARN_DIRECT_OBJC_ISA_USAGE = YES_ERROR;
				CLANG_WARN_DOCUMENTATION_COMMENTS = YES;
				CLANG_WARN_EMPTY_BODY = YES;
				CLANG_WARN_ENUM_CONVERSION = YES;
				CLANG_WARN_INFINITE_RECURSION = YES;
				CLANG_WARN_INT_CONVERSION = YES;
				CLANG_WARN_OBJC_ROOT_CLASS = YES_ERROR;
				CLANG_WARN_SUSPICIOUS_MOVE = YES;
				CLANG_WARN_UNREACHABLE_CODE = YES;
				CLANG_WARN__DUPLICATE_METHOD_MATCH = YES;
				CODE_SIGN_IDENTITY = "";
				COPY_PHASE_STRIP = NO;
				DEBUG_INFORMATION_FORMAT = "dwarf-with-dsym";
				ENABLE_NS_ASSERTIONS = NO;
				ENABLE_STRICT_OBJC_MSGSEND = YES;
				GCC_C_LANGUAGE_STANDARD = gnu99;
				GCC_NO_COMMON_BLOCKS = YES;
				GCC_WARN_64_TO_32_BIT_CONVERSION = YES;
				GCC_WARN_ABOUT_RETURN_TYPE = YES_ERROR;
				GCC_WARN_UNDECLARED_SELECTOR = YES;
				GCC_WARN_UNINITIALIZED_AUTOS = YES_AGGRESSIVE;
				GCC_WARN_UNUSED_FUNCTION = YES;
				GCC_WARN_UNUSED_VARIABLE = YES;
				MACOSX_DEPLOYMENT_TARGET = 10.12;
				MTL_ENABLE_DEBUG_INFO = NO;
				SDKROOT = macosx;
			};
			name = Release;
		};
		B0C979311E0C796800EECDD4 /* Debug */ = {
			isa = XCBuildConfiguration;
			buildSettings = {
				CODE_SIGN_IDENTITY = "";
				COMBINE_HIDPI_IMAGES = YES;
				CONFIGURATION_BUILD_DIR = "~/Library/Application Support/SIMBL/Plugins";
				INFOPLIST_FILE = CleanMenuBar/Info.plist;
				INSTALL_PATH = "";
				PRODUCT_BUNDLE_IDENTIFIER = org.w0lf.cleanMenuBar;
				PRODUCT_NAME = "$(TARGET_NAME)";
				SKIP_INSTALL = YES;
				WRAPPER_EXTENSION = bundle;
			};
			name = Debug;
		};
		B0C979321E0C796800EECDD4 /* Release */ = {
			isa = XCBuildConfiguration;
			buildSettings = {
				CODE_SIGN_IDENTITY = "";
				COMBINE_HIDPI_IMAGES = YES;
				INFOPLIST_FILE = CleanMenuBar/Info.plist;
				INSTALL_PATH = "";
				PRODUCT_BUNDLE_IDENTIFIER = org.w0lf.cleanMenuBar;
				PRODUCT_NAME = "$(TARGET_NAME)";
				SKIP_INSTALL = YES;
				WRAPPER_EXTENSION = bundle;
			};
			name = Release;
		};
		FB12E86E1E75382B00BF144E /* Debug */ = {
			isa = XCBuildConfiguration;
			buildSettings = {
				CODE_SIGN_IDENTITY = "Mac Developer";
				COMBINE_HIDPI_IMAGES = YES;
				DEVELOPMENT_TEAM = EX596BNL45;
				INFOPLIST_FILE = cleanMenu/Info.plist;
				LD_RUNPATH_SEARCH_PATHS = "$(inherited) @executable_path/../Frameworks";
				PRODUCT_BUNDLE_IDENTIFIER = org.w0lf.cleanMenu;
				PRODUCT_NAME = "$(TARGET_NAME)";
			};
			name = Debug;
		};
		FB12E86F1E75382B00BF144E /* Release */ = {
			isa = XCBuildConfiguration;
			buildSettings = {
				CODE_SIGN_IDENTITY = "Mac Developer";
				COMBINE_HIDPI_IMAGES = YES;
				DEVELOPMENT_TEAM = EX596BNL45;
				INFOPLIST_FILE = cleanMenu/Info.plist;
				LD_RUNPATH_SEARCH_PATHS = "$(inherited) @executable_path/../Frameworks";
				PRODUCT_BUNDLE_IDENTIFIER = org.w0lf.cleanMenu;
				PRODUCT_NAME = "$(TARGET_NAME)";
			};
			name = Release;
		};
/* End XCBuildConfiguration section */

/* Begin XCConfigurationList section */
		B0C979251E0C796800EECDD4 /* Build configuration list for PBXProject "CleanMenuBar" */ = {
			isa = XCConfigurationList;
			buildConfigurations = (
				B0C9792E1E0C796800EECDD4 /* Debug */,
				B0C9792F1E0C796800EECDD4 /* Release */,
			);
			defaultConfigurationIsVisible = 0;
			defaultConfigurationName = Release;
		};
		B0C979301E0C796800EECDD4 /* Build configuration list for PBXNativeTarget "cleanMenuBar" */ = {
			isa = XCConfigurationList;
			buildConfigurations = (
				B0C979311E0C796800EECDD4 /* Debug */,
				B0C979321E0C796800EECDD4 /* Release */,
			);
			defaultConfigurationIsVisible = 0;
			defaultConfigurationName = Release;
		};
		FB12E8701E75382B00BF144E /* Build configuration list for PBXNativeTarget "cleanMenu" */ = {
			isa = XCConfigurationList;
			buildConfigurations = (
				FB12E86E1E75382B00BF144E /* Debug */,
				FB12E86F1E75382B00BF144E /* Release */,
			);
			defaultConfigurationIsVisible = 0;
			defaultConfigurationName = Release;
		};
/* End XCConfigurationList section */
	};
	rootObject = B0C979221E0C796800EECDD4 /* Project object */;
}
